
Microsoft Visual Studio Solution File, Format Version 12.00
# Visual Studio 15
VisualStudioVersion = 15.0.27703.2018
MinimumVisualStudioVersion = 10.0.40219.1
Project("{FAE04EC0-301F-11D3-BF4B-00C04F79EFBC}") = "Task1_2.ResourceManagement", "Task1_2.ResourceManagement\Task1_2.ResourceManagement.csproj", "{33017AB7-2D31-4CDF-85C9-1116819F2707}"
EndProject
Global
	GlobalSection(SolutionConfigurationPlatforms) = preSolution
		Debug|Any CPU = Debug|Any CPU
		Release|Any CPU = Release|Any CPU
	EndGlobalSection
	GlobalSection(ProjectConfigurationPlatforms) = postSolution
		{33017AB7-2D31-4CDF-85C9-1116819F2707}.Debug|Any CPU.ActiveCfg = Debug|Any CPU
		{33017AB7-2D31-4CDF-85C9-1116819F2707}.Debug|Any CPU.Build.0 = Debug|Any CPU
		{33017AB7-2D31-4CDF-85C9-1116819F2707}.Release|Any CPU.ActiveCfg = Release|Any CPU
		{33017AB7-2D31-4CDF-85C9-1116819F2707}.Release|Any CPU.Build.0 = Release|Any CPU
	EndGlobalSection
	GlobalSection(SolutionProperties) = preSolution
		HideSolutionNode = FALSE
	EndGlobalSection
	GlobalSection(ExtensibilityGlobals) = postSolution
		SolutionGuid = {83F6D576-5C4E-411C-B02C-D07BB1E7273C}
	EndGlobalSection
EndGlobal
